
Microsoft Visual Studio Solution File, Format Version 12.00
# Visual Studio Version 17
VisualStudioVersion = 17.13.35931.197 d17.13
MinimumVisualStudioVersion = 10.0.40219.1
Project("{FAE04EC0-301F-11D3-BF4B-00C04F79EFBC}") = "study-system", "study-system.csproj", "{EC39FF00-BB31-4557-B50D-1FE60ADD0904}"
EndProject
Global
	GlobalSection(SolutionConfigurationPlatforms) = preSolution
		Debug|Any CPU = Debug|Any CPU
		Release|Any CPU = Release|Any CPU
	EndGlobalSection
	GlobalSection(ProjectConfigurationPlatforms) = postSolution
		{EC39FF00-BB31-4557-B50D-1FE60ADD0904}.Debug|Any CPU.ActiveCfg = Debug|Any CPU
		{EC39FF00-BB31-4557-B50D-1FE60ADD0904}.Debug|Any CPU.Build.0 = Debug|Any CPU
		{EC39FF00-BB31-4557-B50D-1FE60ADD0904}.Release|Any CPU.ActiveCfg = Release|Any CPU
		{EC39FF00-BB31-4557-B50D-1FE60ADD0904}.Release|Any CPU.Build.0 = Release|Any CPU
	EndGlobalSection
	GlobalSection(SolutionProperties) = preSolution
		HideSolutionNode = FALSE
	EndGlobalSection
	GlobalSection(ExtensibilityGlobals) = postSolution
		SolutionGuid = {48428C56-7787-4884-B7DE-5F19D322FDAE}
	EndGlobalSection
EndGlobal
